version = 1
revision = 3
requires-python = ">=3.12"

[[package]]
name = "arq"
version = "0.28.0"
source = { registry = "https://pypi.org/simple" }
dependencies = [
    { name = "click" },
    { name = "redis", extra = ["hiredis"] },
]
sdist = { url = "https://files.pythonhosted.org/packages/a4/81/7f9db65a89c29ba374000309b9dd95509500045df5c7e22f26c3731b7380/arq-0.28.0.tar.gz", hash = "sha256:a458188aefc2d7ee17d136f80d8fa8df1d6eba4ceebdead87e9f172d027dc311", size = 416141, upload-time = "2026-04-16T10:50:23.893Z" }
wheels = [
    { url = "https://files.pythonhosted.org/packages/48/32/66b616976c5058d434ca2017979bfffd784888177b16b5038abcec93954a/arq-0.28.0-py3-none-any.whl", hash = "sha256:b1696bf5614d60f4172a2c0cbdc177e23ba03a5eb9acc29bd8181f4ea71fff94", size = 26061, upload-time = "2026-04-16T10:50:22.321Z" },
]

[[package]]
name = "click"
version = "8.4.2"
source = { registry = "https://pypi.org/simple" }
dependencies = [
    { name = "colorama", marker = "sys_platform == 'win32'" },
]
sdist = { url = "https://files.pythonhosted.org/packages/76/d4/81420972a676e8ffea40450d8c8c92943e7218a78fe9b64359836cc9876b/click-8.4.2.tar.gz", hash = "sha256:9a6cea6e60b17ebe0a44c5cc636d94f09bd66142c1cd7d8b4cd731c4917a15f6", size = 338000, upload-time = "2026-06-24T17:45:15.148Z" }
wheels = [
    { url = "https://files.pythonhosted.org/packages/fb/e2/79c688af8b210d232694e31e59da9f6ec747bae31c3f5946e4e9b98860d5/click-8.4.2-py3-none-any.whl", hash = "sha256:e6f9f66136c816745b9d65817da91d61d957fb16e02e4dcd0552553c5a197b76", size = 119243, upload-time = "2026-06-24T17:45:13.73Z" },
]

[[package]]
name = "colorama"
version = "0.4.6"
source = { registry = "https://pypi.org/simple" }
sdist = { url = "https://files.pythonhosted.org/packages/d8/53/6f443c9a4a8358a93a6792e2acffb9d9d5cb0a5cfd8802644b7b1c9a02e4/colorama-0.4.6.tar.gz", hash = "sha256:08695f5cb7ed6e0531a20572697297273c47b8cae5a63ffc6d6ed5c201be6e44", size = 27697, upload-time = "2022-10-25T02:36:22.414Z" }
wheels = [
    { url = "https://files.pythonhosted.org/packages/d1/d6/3965ed04c63042e047cb6a3e6ed1a63a35087b6a609aa3a15ed8ac56c221/colorama-0.4.6-py2.py3-none-any.whl", hash = "sha256:4f1d9991f5acc0ca119f9d443620b77f9d6b33703e51011c16baf57afb285fc6", size = 25335, upload-time = "2022-10-25T02:36:20.889Z" },
]

[[package]]
name = "hiredis"
version = "3.4.1"
source = { registry = "https://pypi.org/simple" }
sdist = { url = "https://files.pythonhosted.org/packages/52/1e/4729c6fcecb653da6e4877302ed654c24ebb297fe796deee44139bd76179/hiredis-3.4.1.tar.gz", hash = "sha256:2bbb55435506e481d270df8d0b29dd94acb85d11d71df4b8efce23849a4d0bb7", size = 137434, upload-time = "2026-08-07T10:23:01.235Z" }
wheels = [
    { url = "https://files.pythonhosted.org/packages/ed/9a/944db038f55c8c3141b29c897b9ef4d930b1bb9ef387d34bc80e1ef78b50/hiredis-3.4.1-cp312-cp312-macosx_10_15_universal2.whl", hash = "sha256:fd5f86d937ecb5aa1dfed21d774f5ae8f8379eed607b1d9ab0ab6e80c4717981", size = 140842, upload-time = "2026-08-07T10:21:21.652Z" },
    { url = "https://files.pythonhosted.org/packages/61/93/53617e27de296ba7734451d7261532b5c6a03492c3587e428163323980f0/hiredis-3.4.1-cp312-cp312-macosx_10_15_x86_64.whl", hash = "sha256:7630086181d75cd4e377fbbb00ed903619121bcf30b7ae84250366b2717ddebf", size = 75160, upload-time = "2026-08-07T10:21:22.67Z" },
    { url = "https://files.pythonhosted.org/packages/d5/86/e34e08f21b3dec802578768a9cb1d0fcfa82a83e2b69942331058170c3b0/hiredis-3.4.1-cp312-cp312-macosx_11_0_arm64.whl", hash = "sha256:c8efc144cc467c62c14cd49d276f1aaec5232ba46300164d59a5fdb68ba77fff", size = 71952, upload-time = "2026-08-07T10:21:23.589Z" },
    { url = "https://files.pythonhosted.org/packages/38/d0/58719bab08a0b9e8e134e18f43eddb5b29e0e8f7edb449ae564312e9323e/hiredis-3.4.1-cp312-cp312-manylinux2014_aarch64.manylinux_2_17_aarch64.manylinux_2_28_aarch64.whl", hash = "sha256:66953abbda35703727a596bd3a83e86acc4da781e258780c3d85dd6acc1f39f9", size = 306806, upload-time = "2026-08-07T10:21:24.666Z" },
    { url = "https://files.pythonhosted.org/packages/a4/2c/71f3ffe234669c848e92fdad4f79dca1c5e1bd57b547a55fbf41a86bed45/hiredis-3.4.1-cp312-cp312-manylinux2014_ppc64le.manylinux_2_17_ppc64le.manylinux_2_28_ppc64le.whl", hash = "sha256:7b083a1deee1124a7c47baf1d3db85251f4ecd9812a974f586d59ef7d28f6007", size = 339851, upload-time = "2026-08-07T10:21:25.91Z" },
    { url = "https://files.pythonhosted.org/packages/2b/f1/971068f1e80ca8b84c188eb1afc4eb4067f8e9e6cb574cc0afd8b737ad0e/hiredis-3.4.1-cp312-cp312-manylinux2014_s390x.manylinux_2_17_s390x.manylinux_2_28_s390x.whl", hash = "sha256:5c3e191e6514c54f68a0b3d2b18aa6e73885393be16a31ae74b15c12b544cbaa", size = 351783, upload-time = "2026-08-07T10:21:27.176Z" },
    { url = "https://files.pythonhosted.org/packages/78/b2/4662f0f9218d82d1fb5a58cfa8f6a6742cc53f9c25a36db88667a2ef4510/hiredis-3.4.1-cp312-cp312-manylinux2014_x86_64.manylinux_2_17_x86_64.manylinux_2_28_x86_64.whl", hash = "sha256:7a2cd31cba425ae954abeafa5dd74552e5ffa61661d3c8098cc66787330c1779", size = 313337, upload-time = "2026-08-07T10:21:28.544Z" },
    { url = "https://files.pythonhosted.org/packages/31/c3/145c5a574ac98f1a32cd0473c1f699ed272de44e240f14b7306ccce4e1c0/hiredis-3.4.1-cp312-cp312-musllinux_1_2_aarch64.whl", hash = "sha256:742b4f7ce4b28820ef3fd45c7866f09e07dbf1904895eecd56b482eaa7bd26f5", size = 301233, upload-time = "2026-08-07T10:21:29.755Z" },
    { url = "https://files.pythonhosted.org/packages/0b/09/fa282ff2c5a54ba356312ce49dd276b9dc3db00b8ac6667e93f652347354/hiredis-3.4.1-cp312-cp312-musllinux_1_2_ppc64le.whl", hash = "sha256:90de946ceac709797efcf3278e3f004f2a60ebd6bb5761bc35d7212d56fc1e5a", size = 331602, upload-time = "2026-08-07T10:21:31.669Z" },
    { url = "https://files.pythonhosted.org/packages/cf/bd/a0102c1394c63e1f2b2550e96c3ab262afeb017ff007effa6d99635d96a6/hiredis-3.4.1-cp312-cp312-musllinux_1_2_s390x.whl", hash = "sha256:404ce858750c6e31d420818d79bceda89869f521c990b01e7ce8fcc95916eb8b", size = 333175, upload-time = "2026-08-07T10:21:32.83Z" },
    { url = "https://files.pythonhosted.org/packages/6b/ca/19c1ebd6b75c5811d77e8d17a2adb9f863c7642a3d5ac129be0d2d3bed78/hiredis-3.4.1-cp312-cp312-musllinux_1_2_x86_64.whl", hash = "sha256:9f2656e2c11339e7e93df3c0d73c442129fb1381fb709706848f1b49e85677d1", size = 311997, upload-time = "2026-08-07T10:21:33.868Z" },
    { url = "https://files.pythonhosted.org/packages/4a/2b/91f4a42d123b2660a3286e5b853f787e4ae3088b45d53b2c0b0079c6c5c3/hiredis-3.4.1-cp312-cp312-win32.whl", hash = "sha256:e333eb85c9ab16538d43b2e4e1fa564244d3f0c4a8a84e7c640812419b597180", size = 38685, upload-time = "2026-08-07T10:21:34.904Z" },
    { url = "https://files.pythonhosted.org/packages/e3/02/d5df4b12366a15e44857364af52db80c032eac6da4b9ffd644df647fa91b/hiredis-3.4.1-cp312-cp312-win_amd64.whl", hash = "sha256:b0d11936e377f305024953ae25ba52ae48edc26fe49f47af1e934f642deb3ed6", size = 40413, upload-time = "2026-08-07T10:21:35.963Z" },
    { url = "https://files.pythonhosted.org/packages/2d/f8/f3dadc80ed4f3aeabad0ef309c207ed93b6ce602557ce77ecd73c75b126f/hiredis-3.4.1-cp312-cp312-win_arm64.whl", hash = "sha256:50d821b6195c9a4ba5cda44d950ba6205fdac5a7cf03e1ac4cdf0294f2df886c", size = 36917, upload-time = "2026-08-07T10:21:37.016Z" },
    { url = "https://files.pythonhosted.org/packages/89/29/c24d310627ebb5e5642b02d373619826c893085bf5c4b23ecd18e07b61c7/hiredis-3.4.1-cp313-cp313-macosx_10_15_universal2.whl", hash = "sha256:7c3632721df2a3addca9a9707f7baa062bb0c004a585873f461b3b7a629c2516", size = 140851, upload-time = "2026-08-07T10:21:37.97Z" },
    { url = "https://files.pythonhosted.org/packages/19/ec/bd25177721047cba5f31976a2ade1cbc042d57d101b3651ab081fca55a0d/hiredis-3.4.1-cp313-cp313-macosx_10_15_x86_64.whl", hash = "sha256:2b5b4cc3e1806f44f022389ade780aa1054336357defcb87613fe5267470e6f4", size = 75156, upload-time = "2026-08-07T10:21:39.059Z" },
    { url = "https://files.pythonhosted.org/packages/e0/bb/d7684fa5a12ac02272bb71a791b59153bb710e192cb8807c231fc03c8f96/hiredis-3.4.1-cp313-cp313-macosx_11_0_arm64.whl", hash = "sha256:d856ba70bd97db7cc136ca1dfa72b98044647d08913335949aa70477c8ebfe9a", size = 71957, upload-time = "2026-08-07T10:21:40.003Z" },
    { url = "https://files.pythonhosted.org/packages/bc/d4/e20f512f034834fa203d879b627c5926ab91b2d4e27c08ed6fbbb3a5be92/hiredis-3.4.1-cp313-cp313-manylinux2014_aarch64.manylinux_2_17_aarch64.manylinux_2_28_aarch64.whl", hash = "sha256:026639fa97c4b4fcc0f502454287ef1254cc1d067b610cbb958c392c46ff54ae", size = 306702, upload-time = "2026-08-07T10:21:41.083Z" },
    { url = "https://files.pythonhosted.org/packages/6f/cf/4308ba045a27c9f9f607d8f0f7658f68e893641163bfac8951691957c89f/hiredis-3.4.1-cp313-cp313-manylinux2014_ppc64le.manylinux_2_17_ppc64le.manylinux_2_28_ppc64le.whl", hash = "sha256:d94c41779ae3eaee75c1668f23d26d9eda526055e37cd9052e980c64fb4127cc", size = 339758, upload-time = "2026-08-07T10:21:42.457Z" },
    { url = "https://files.pythonhosted.org/packages/c8/81/f2175323bb9a25a538c43f034f8220ecbe951846e5fe28063121958f605d/hiredis-3.4.1-cp313-cp313-manylinux2014_s390x.manylinux_2_17_s390x.manylinux_2_28_s390x.whl", hash = "sha256:464f27b0521375a8179e24f19889d7953a88d22ec00808714a0c78ac8ebffbe7", size = 351696, upload-time = "2026-08-07T10:21:43.796Z" },
    { url = "https://files.pythonhosted.org/packages/59/e5/1835f7fab225ae7225fcf465a1cfb1b5c74035e0e2e2c8e2110a5ed94790/hiredis-3.4.1-cp313-cp313-manylinux2014_x86_64.manylinux_2_17_x86_64.manylinux_2_28_x86_64.whl", hash = "sha256:54d077e062804fa1eb49d25032bc0cadb085c50a5adc6f6fc43262dde6428471", size = 313239, upload-time = "2026-08-07T10:21:44.917Z" },
    { url = "https://files.pythonhosted.org/packages/5e/c1/7ab8574b87bbc55e979eacd60ca498c76aee7cdb6683e183bdf8431734eb/hiredis-3.4.1-cp313-cp313-musllinux_1_2_aarch64.whl", hash = "sha256:9186f49f2f45220d1dde7981f7766b7195497d6f3b85617dc0bc519f1e456482", size = 301255, upload-time = "2026-08-07T10:21:46.025Z" },
    { url = "https://files.pythonhosted.org/packages/a2/0b/2a2a06feec8d9013a5f644ab0b4865c15ed65354fac71f56ee5a6c531227/hiredis-3.4.1-cp313-cp313-musllinux_1_2_ppc64le.whl", hash = "sha256:28c6f40eab7dd56dc63ff0e100e9d5d2759b191615d3134abcb48de5ff1f037a", size = 331723, upload-time = "2026-08-07T10:21:47.365Z" },
    { url = "https://files.pythonhosted.org/packages/be/17/b311e26d402dd23cd259d9f4ce9d47d1a6eb8e9ea71bdf033ae9c082c963/hiredis-3.4.1-cp313-cp313-musllinux_1_2_s390x.whl", hash = "sha256:1e52aee6e7c9f97ae6df104388292568ce34ad5f1aae8acc843f4686b4745362", size = 333236, upload-time = "2026-08-07T10:21:48.852Z" },
    { url = "https://files.pythonhosted.org/packages/fb/5f/6abaecbbfe0c9e0436d5e930e35bd125d0ff6207e8b336f034aa838b3fb2/hiredis-3.4.1-cp313-cp313-musllinux_1_2_x86_64.whl", hash = "sha256:e238e434d22c767b638d591f32532b7b34077267055481fce10bab1a4fa82d39", size = 312041, upload-time = "2026-08-07T10:21:50.063Z" },
    { url = "https://files.pythonhosted.org/packages/6d/28/2596cfe03cea54e5c92bea3ab9084cd3a7f7379583bd21285c0be818ecc9/hiredis-3.4.1-cp313-cp313-win32.whl", hash = "sha256:0ebfbff143596d0b8957e67972ab14591b7427891e2d22b5939ddb1185fe14d2", size = 38690, upload-time = "2026-08-07T10:21:51.254Z" },
    { url = "https://files.pythonhosted.org/packages/23/3a/d51b1565a82e7c2d6da375bc080bbf5a1c5614aced40527321fd0aff17de/hiredis-3.4.1-cp313-cp313-win_amd64.whl", hash = "sha256:ba678bbf5bd590e5c5b23560e5dcc73b9bbc4ccb4639d1eda1dba669bd8c6cb7", size = 40423, upload-time = "2026-08-07T10:21:52.346Z" },
    { url = "https://files.pythonhosted.org/packages/98/c6/2eec5f964ce65bbf798309ac0b14509aefb479facf824a93a465575011a6/hiredis-3.4.1-cp313-cp313-win_arm64.whl", hash = "sha256:b6bef7f8753b0ab1e2a29781b589e4a64645bbe2753581cd57f32659756ccae2", size = 36932, upload-time = "2026-08-07T10:21:53.237Z" },
    { url = "https://files.pythonhosted.org/packages/f0/9f/2850247842b08ba3f4e9135ce23d7d32fe3bd7dfa300250b7d8d86ce7eb9/hiredis-3.4.1-cp314-cp314-macosx_10_15_universal2.whl", hash = "sha256:c54721b67df1cbdd0f78e0421b0b9768818109fcadbfa6b4a8d761c2506dd846", size = 140957, upload-time = "2026-08-07T10:21:54.156Z" },
    { url = "https://files.pythonhosted.org/packages/37/f1/52d6a38baafe9ed68d1d2bce3364acc5b0010557e852a5792787696e8ae4/hiredis-3.4.1-cp314-cp314-macosx_10_15_x86_64.whl", hash = "sha256:718b86c425c8e2b3505d428ca632f9c9f5ea1c1582edcb76a77aa9c0d0a82580", size = 75201, upload-time = "2026-08-07T10:21:55.191Z" },
    { url = "https://files.pythonhosted.org/packages/eb/04/1d3805b7bddf59c60695f11397e6e7d36cf1e7602fa5aa0ad927fcae09bc/hiredis-3.4.1-cp314-cp314-macosx_11_0_arm64.whl", hash = "sha256:d151dd3d715cb62dcc09132e4a8f16c9ec0b0874ab9c6fca3b2cbdc09d52660f", size = 72013, upload-time = "2026-08-07T10:21:56.171Z" },
    { url = "https://files.pythonhosted.org/packages/3a/4b/6fbe51a5ea37366c3ea506a2c999ae2f3414ec78c20958da20c691018f18/hiredis-3.4.1-cp314-cp314-manylinux2014_aarch64.manylinux_2_17_aarch64.manylinux_2_28_aarch64.whl", hash = "sha256:5b59b49cbe1ee36e88a629a6653258cca4a89c3711b5836efde0ef1e011f0ab2", size = 306999, upload-time = "2026-08-07T10:21:57.25Z" },
    { url = "https://files.pythonhosted.org/packages/e9/ab/94c1a638d9698d4c5ace21f52877920a994871156a970364c4d2166c962b/hiredis-3.4.1-cp314-cp314-manylinux2014_ppc64le.manylinux_2_17_ppc64le.manylinux_2_28_ppc64le.whl", hash = "sha256:279258dfc81ee6e2235f45e2fc9af00177bdaea5c72eaca6f6bbed56812c1018", size = 340068, upload-time = "2026-08-07T10:21:58.643Z" },
    { url = "https://files.pythonhosted.org/packages/e0/76/ca29c90d39c03d714f15db18ae428e2a664c960e5c5aa9624f086a7c4686/hiredis-3.4.1-cp314-cp314-manylinux2014_s390x.manylinux_2_17_s390x.manylinux_2_28_s390x.whl", hash = "sha256:98788950e4a973b925a1b5cfe6d74736726732d8785437fcc4b80bbc563d2a47", size = 351581, upload-time = "2026-08-07T10:21:59.973Z" },
    { url = "https://files.pythonhosted.org/packages/95/87/74b10908f1741b0fb5549d97518736989212487d84d6e77717a228eca0f4/hiredis-3.4.1-cp314-cp314-manylinux2014_x86_64.manylinux_2_17_x86_64.manylinux_2_28_x86_64.whl", hash = "sha256:b980b63a189ed8e2a42274f260430dae2f33a4a61e2f18ce31248909e36bd14a", size = 313244, upload-time = "2026-08-07T10:22:01.878Z" },
    { url = "https://files.pythonhosted.org/packages/c7/fe/4edd184006bb27f84c990e591522dac6c6ccdefd51b12209a2f53878a7cb/hiredis-3.4.1-cp314-cp314-musllinux_1_2_aarch64.whl", hash = "sha256:4e1e92095b511e2a778302b9acd160eceb1f20d49a1c9716a864358fc4ffc236", size = 301264, upload-time = "2026-08-07T10:22:03.287Z" },
    { url = "https://files.pythonhosted.org/packages/da/6f/9069e8da83c5482308803c28b240a2817322a46f097e18f4f65947eacc5c/hiredis-3.4.1-cp314-cp314-musllinux_1_2_ppc64le.whl", hash = "sha256:7eb8b46d2f453030a3514d8ba76edeb92b920b627f883ec3685873c018a96494", size = 332141, upload-time = "2026-08-07T10:22:04.411Z" },
    { url = "https://files.pythonhosted.org/packages/a9/10/a13bcb0f062938bed38b739ba28118bca97b73867777bb34adef857d62ef/hiredis-3.4.1-cp314-cp314-musllinux_1_2_s390x.whl", hash = "sha256:6fd1472d5e5d82929411ea08d002eb4a8e200558d05b66458b9fcd058214aa33", size = 333373, upload-time = "2026-08-07T10:22:05.69Z" },
    { url = "https://files.pythonhosted.org/packages/9a/6b/dc7a99d829c8593ee02063608661c05d0a932a2c8064c8e8c76f0fcbc67b/hiredis-3.4.1-cp314-cp314-musllinux_1_2_x86_64.whl", hash = "sha256:7b72464f56c3f40f1ae1c784933686c3f0135d15e84fa7eb90166df18577b645", size = 311873, upload-time = "2026-08-07T10:22:07.29Z" },
    { url = "https://files.pythonhosted.org/packages/3a/14/a701b843d53ad3df1342ad537c70efbebf6ed4ea9d8482d50895be17efb6/hiredis-3.4.1-cp314-cp314-win32.whl", hash = "sha256:a5e68f33bfdd542f659066ae7fb4ad37d4634d67fd330903feb0088f01808298", size = 39438, upload-time = "2026-08-07T10:22:08.715Z" },
    { url = "https://files.pythonhosted.org/packages/50/4c/669ec7794d6f562010637cc274513600291b0652bd019a6130ca06bcbb25/hiredis-3.4.1-cp314-cp314-win_amd64.whl", hash = "sha256:7cf4cf0735806049d2ada98ef0ac605e70b6bd303277857f459a8183b38b88c0", size = 40987, upload-time = "2026-08-07T10:22:09.781Z" },
    { url = "https://files.pythonhosted.org/packages/0c/3d/388cb7b58e2a4a964f0f786980f12e3439b215d20de96559e3166a1af2b8/hiredis-3.4.1-cp314-cp314-win_arm64.whl", hash = "sha256:16fb7453720d846168281619021cd3562e4d6252b39ee0dd29610ab26847a0ee", size = 37600, upload-time = "2026-08-07T10:22:10.833Z" },
    { url = "https://files.pythonhosted.org/packages/ae/eb/b5a324259027129ee2a7c47ffa23e1c18a57ae5b26b4ab06575d81d26e56/hiredis-3.4.1-cp314-cp314t-macosx_10_15_universal2.whl", hash = "sha256:fd69048bb3870b962a2e09aff2ebfd0a3a4ee868bd280404c553235c36d43f7f", size = 141835, upload-time = "2026-08-07T10:22:12.01Z" },
    { url = "https://files.pythonhosted.org/packages/f4/94/a1a68fc63fcdc24693b70a52d22de01520773f70320a097f06e4d7c0adff/hiredis-3.4.1-cp314-cp314t-macosx_10_15_x86_64.whl", hash = "sha256:bfd850dbf9c221d4a9e3eae819a91ecc8cdf9843a9ccdbc49cc94fe3f49dec59", size = 75615, upload-time = "2026-08-07T10:22:13.048Z" },
    { url = "https://files.pythonhosted.org/packages/69/be/327f1a953aefa5e0eaa8c7d6ed434cfc80e1906b96177eac7c86009395d2/hiredis-3.4.1-cp314-cp314t-macosx_11_0_arm64.whl", hash = "sha256:0a70be2b3a2280d48a0c46823455d83a863b8285563177a76667fcd62c686b5c", size = 72473, upload-time = "2026-08-07T10:22:13.985Z" },
    { url = "https://files.pythonhosted.org/packages/b0/e4/6542e44c54c2ca64512daca2ea8c652935f34c53eaf3add585fcffc65d5d/hiredis-3.4.1-cp314-cp314t-manylinux2014_aarch64.manylinux_2_17_aarch64.manylinux_2_28_aarch64.whl", hash = "sha256:c4eba0bacd389e350470a883aad5f6733c721c65d408b32ba50b6624025660c4", size = 316006, upload-time = "2026-08-07T10:22:15.089Z" },
    { url = "https://files.pythonhosted.org/packages/8d/24/dbd83e6fe145de363642bbdc6b73e0d230392a4c200b0f74dac441fa14ec/hiredis-3.4.1-cp314-cp314t-manylinux2014_ppc64le.manylinux_2_17_ppc64le.manylinux_2_28_ppc64le.whl", hash = "sha256:c874e1f25fff64a0cd0ac990813950d59c9586094df0ce95cfc0372a6bc750ab", size = 348470, upload-time = "2026-08-07T10:22:16.348Z" },
    { url = "https://files.pythonhosted.org/packages/ec/37/87826800deec76d4fa23b66c71300e11655dcc8bca2a09378536fe582350/hiredis-3.4.1-cp314-cp314t-manylinux2014_s390x.manylinux_2_17_s390x.manylinux_2_28_s390x.whl", hash = "sha256:1bca03bec5515ab7367fb84d5bdc3cd7bae901320eda89e059f1639e3f9e0793", size = 360185, upload-time = "2026-08-07T10:22:17.645Z" },
    { url = "https://files.pythonhosted.org/packages/fd/28/996ee93fe7f3896f2eb21de6baea6499f64753a6e069eb1dafb4209db13d/hiredis-3.4.1-cp314-cp314t-manylinux2014_x86_64.manylinux_2_17_x86_64.manylinux_2_28_x86_64.whl", hash = "sha256:885220a6a495365961b8124865ccd5ea5ff7d39772fc79265d947befe418cc1b", size = 321719, upload-time = "2026-08-07T10:22:18.743Z" },
    { url = "https://files.pythonhosted.org/packages/ef/43/978846fcbeec794709feed9e987cf879ec58ff4be23b76fc3eb22cc2d30d/hiredis-3.4.1-cp314-cp314t-musllinux_1_2_aarch64.whl", hash = "sha256:bfb1f5806a54f643b13065c2c5d05be993401421b8fef309d36f511ed3d13e06", size = 310179, upload-time = "2026-08-07T10:22:19.844Z" },
    { url = "https://files.pythonhosted.org/packages/fe/33/346dbadf9f1d136c6e22fab4c4b88389b62a555dec8e164f5c1597552467/hiredis-3.4.1-cp314-cp314t-musllinux_1_2_ppc64le.whl", hash = "sha256:da1c8485246d0ec238d76c6689440c0e1bc28409a46592cda89f2ef1c008f26d", size = 339812, upload-time = "2026-08-07T10:22:21.002Z" },
    { url = "https://files.pythonhosted.org/packages/6e/0f/4c4842a32a3dac6dd8bea6b6ccb2474913500e2576c32361c2248f0b57e3/hiredis-3.4.1-cp314-cp314t-musllinux_1_2_s390x.whl", hash = "sha256:00073e9b794229daca1089af62e6d2af8ec0a0f5540ced414eede10de2f43dae", size = 341650, upload-time = "2026-08-07T10:22:22.221Z" },
    { url = "https://files.pythonhosted.org/packages/24/d4/29db21f5f89666c17a8f8708ac16e3e11d51de93d0395b76909ef2368828/hiredis-3.4.1-cp314-cp314t-musllinux_1_2_x86_64.whl", hash = "sha256:23667bce8ea8e5c300d4b13e369ef3f8d836b07cfea0dba46b839f1f1bd52548", size = 320722, upload-time = "2026-08-07T10:22:23.453Z" },
    { url = "https://files.pythonhosted.org/packages/c5/e8/98e719f8c06e2cc2ff608aab76577077a83c887b79b2b9b8c02f9f2c41e6/hiredis-3.4.1-cp314-cp314t-win32.whl", hash = "sha256:e5377c51a30a09f0e302221dfe93e6f137b0a95f0d45c7756d995408a842627a", size = 39998, upload-time = "2026-08-07T10:22:24.532Z" },
    { url = "https://files.pythonhosted.org/packages/92/20/fe4e49d02322ba07c4793db839c97839114289a1aa49012acec497b55b05/hiredis-3.4.1-cp314-cp314t-win_amd64.whl", hash = "sha256:5ba1921fc110294a80e28e2cc145edf69f038c263deb22543e787b07394ef5d2", size = 41290, upload-time = "2026-08-07T10:22:25.419Z" },
    { url = "https://files.pythonhosted.org/packages/3b/8d/f27afaabd3fcd3bc2bd66eda3081eb7e7cd637e9f6daa735ee39db220c9b/hiredis-3.4.1-cp314-cp314t-win_arm64.whl", hash = "sha256:fd46a3fdec76283264e5a564fe38ba813e962bd3af1860970585c242eace683d", size = 38016, upload-time = "2026-08-07T10:22:26.391Z" },
]

[[package]]
name = "pyjwt"
version = "2.13.0"
source = { registry = "https://pypi.org/simple" }
sdist = { url = "https://files.pythonhosted.org/packages/3b/81/58d0ac84e1ef3a3843791d6954d94c0b33d526c75eeb1efbce9d0a4c4077/pyjwt-2.13.0.tar.gz", hash = "sha256:41571c89ca91598c79e8ef18a2d07367d4810fbbd6f637794879baf1b7703423", size = 107515, upload-time = "2026-05-21T19:54:36.618Z" }
wheels = [
    { url = "https://files.pythonhosted.org/packages/a3/5e/ecf12fdb62546d64385c158514e9b2b671f7832108ef2ecd2020ce0af2d1/pyjwt-2.13.0-py3-none-any.whl", hash = "sha256:66adcc2aff09b3f1bbd95fc1e1577df8ac8723c978552fd43304c8a290ac5728", size = 31274, upload-time = "2026-05-21T19:54:35.362Z" },
]

[[package]]
name = "redis"
version = "5.3.1"
source = { registry = "https://pypi.org/simple" }
dependencies = [
    { name = "pyjwt" },
]
sdist = { url = "https://files.pythonhosted.org/packages/6a/cf/128b1b6d7086200c9f387bd4be9b2572a30b90745ef078bd8b235042dc9f/redis-5.3.1.tar.gz", hash = "sha256:ca49577a531ea64039b5a36db3d6cd1a0c7a60c34124d46924a45b956e8cf14c", size = 4626200, upload-time = "2025-07-25T08:06:27.778Z" }
wheels = [
    { url = "https://files.pythonhosted.org/packages/7f/26/5c5fa0e83c3621db835cfc1f1d789b37e7fa99ed54423b5f519beb931aa7/redis-5.3.1-py3-none-any.whl", hash = "sha256:dc1909bd24669cc31b5f67a039700b16ec30571096c5f1f0d9d2324bff31af97", size = 272833, upload-time = "2025-07-25T08:06:26.317Z" },
]

[package.optional-dependencies]
hiredis = [
    { name = "hiredis" },
]

[[package]]
name = "service"
version = "0.1.0"
source = { virtual = "." }
dependencies = [
    { name = "arq" },
]

[package.metadata]
requires-dist = [{ name = "arq", specifier = ">=0.28.0" }]
